
Microsoft Visual Studio Solution File, Format Version 12.00
# Visual Studio Version 17
VisualStudioVersion = 17.3.32929.385
MinimumVisualStudioVersion = 10.0.40219.1
Project("{FAE04EC0-301F-11D3-BF4B-00C04F79EFBC}") = "WorkActions", "WorkActions\WorkActions.csproj", "{3E416632-1C6E-43C5-82AE-11B6FF1F52C7}"
EndProject
Global
	GlobalSection(SolutionConfigurationPlatforms) = preSolution
		Debug|Any CPU = Debug|Any CPU
		Release|Any CPU = Release|Any CPU
	EndGlobalSection
	GlobalSection(ProjectConfigurationPlatforms) = postSolution
		{3E416632-1C6E-43C5-82AE-11B6FF1F52C7}.Debug|Any CPU.ActiveCfg = Debug|Any CPU
		{3E416632-1C6E-43C5-82AE-11B6FF1F52C7}.Debug|Any CPU.Build.0 = Debug|Any CPU
		{3E416632-1C6E-43C5-82AE-11B6FF1F52C7}.Release|Any CPU.ActiveCfg = Release|Any CPU
		{3E416632-1C6E-43C5-82AE-11B6FF1F52C7}.Release|Any CPU.Build.0 = Release|Any CPU
	EndGlobalSection
	GlobalSection(SolutionProperties) = preSolution
		HideSolutionNode = FALSE
	EndGlobalSection
	GlobalSection(ExtensibilityGlobals) = postSolution
		SolutionGuid = {AB60DFF1-918B-41E5-AF8F-C9FB4739C659}
	EndGlobalSection
EndGlobal
